
Microsoft Visual Studio Solution File, Format Version 12.00
# Visual Studio Version 17
VisualStudioVersion = 17.0.31903.59
MinimumVisualStudioVersion = 10.0.40219.1
Project("{9A19103F-16F7-4668-BE54-9A1E7A4F7556}") = "DAL", "DAL\DAL.csproj", "{3731DA90-E59E-4DEC-A4F3-17789085B4B2}"
EndProject
Project("{9A19103F-16F7-4668-BE54-9A1E7A4F7556}") = "Domain", "Domain\Domain.csproj", "{3E294D7C-71F2-48F6-B452-4D3231081B14}"
EndProject
Project("{9A19103F-16F7-4668-BE54-9A1E7A4F7556}") = "BL", "BL\BL.csproj", "{B0CCF24F-5DBD-467A-A1EA-3D9F61BD00C7}"
EndProject
Project("{54A90642-561A-4BB1-A94E-469ADEE60C69}") = "taskmanagerwithtsreact.client", "TaskManagerWithTSReact\taskmanagerwithtsreact.client\taskmanagerwithtsreact.client.esproj", "{F3590565-28DE-4B0D-BE27-9062C2871E97}"
EndProject
Project("{9A19103F-16F7-4668-BE54-9A1E7A4F7556}") = "TaskManagerWithTSReact.Server", "TaskManagerWithTSReact\TaskManagerWithTSReact.Server\TaskManagerWithTSReact.Server.csproj", "{86CB5A17-BCCC-4CA2-A1DC-A064FA45A88F}"
EndProject
Global
	GlobalSection(SolutionConfigurationPlatforms) = preSolution
		Debug|Any CPU = Debug|Any CPU
		Release|Any CPU = Release|Any CPU
	EndGlobalSection
	GlobalSection(ProjectConfigurationPlatforms) = postSolution
		{3731DA90-E59E-4DEC-A4F3-17789085B4B2}.Debug|Any CPU.ActiveCfg = Debug|Any CPU
		{3731DA90-E59E-4DEC-A4F3-17789085B4B2}.Debug|Any CPU.Build.0 = Debug|Any CPU
		{3731DA90-E59E-4DEC-A4F3-17789085B4B2}.Release|Any CPU.ActiveCfg = Release|Any CPU
		{3731DA90-E59E-4DEC-A4F3-17789085B4B2}.Release|Any CPU.Build.0 = Release|Any CPU
		{3E294D7C-71F2-48F6-B452-4D3231081B14}.Debug|Any CPU.ActiveCfg = Debug|Any CPU
		{3E294D7C-71F2-48F6-B452-4D3231081B14}.Debug|Any CPU.Build.0 = Debug|Any CPU
		{3E294D7C-71F2-48F6-B452-4D3231081B14}.Release|Any CPU.ActiveCfg = Release|Any CPU
		{3E294D7C-71F2-48F6-B452-4D3231081B14}.Release|Any CPU.Build.0 = Release|Any CPU
		{B0CCF24F-5DBD-467A-A1EA-3D9F61BD00C7}.Debug|Any CPU.ActiveCfg = Debug|Any CPU
		{B0CCF24F-5DBD-467A-A1EA-3D9F61BD00C7}.Debug|Any CPU.Build.0 = Debug|Any CPU
		{B0CCF24F-5DBD-467A-A1EA-3D9F61BD00C7}.Release|Any CPU.ActiveCfg = Release|Any CPU
		{B0CCF24F-5DBD-467A-A1EA-3D9F61BD00C7}.Release|Any CPU.Build.0 = Release|Any CPU
		{F3590565-28DE-4B0D-BE27-9062C2871E97}.Debug|Any CPU.ActiveCfg = Debug|Any CPU
		{F3590565-28DE-4B0D-BE27-9062C2871E97}.Debug|Any CPU.Build.0 = Debug|Any CPU
		{F3590565-28DE-4B0D-BE27-9062C2871E97}.Debug|Any CPU.Deploy.0 = Debug|Any CPU
		{F3590565-28DE-4B0D-BE27-9062C2871E97}.Release|Any CPU.ActiveCfg = Release|Any CPU
		{F3590565-28DE-4B0D-BE27-9062C2871E97}.Release|Any CPU.Build.0 = Release|Any CPU
		{F3590565-28DE-4B0D-BE27-9062C2871E97}.Release|Any CPU.Deploy.0 = Release|Any CPU
		{86CB5A17-BCCC-4CA2-A1DC-A064FA45A88F}.Debug|Any CPU.ActiveCfg = Debug|Any CPU
		{86CB5A17-BCCC-4CA2-A1DC-A064FA45A88F}.Debug|Any CPU.Build.0 = Debug|Any CPU
		{86CB5A17-BCCC-4CA2-A1DC-A064FA45A88F}.Release|Any CPU.ActiveCfg = Release|Any CPU
		{86CB5A17-BCCC-4CA2-A1DC-A064FA45A88F}.Release|Any CPU.Build.0 = Release|Any CPU
	EndGlobalSection
	GlobalSection(SolutionProperties) = preSolution
		HideSolutionNode = FALSE
	EndGlobalSection
	GlobalSection(ExtensibilityGlobals) = postSolution
		SolutionGuid = {83D1E1CF-5077-468D-B791-4EF1A2EB58A7}
	EndGlobalSection
EndGlobal
